
Microsoft Visual Studio Solution File, Format Version 12.00
# Visual Studio Version 17
VisualStudioVersion = 17.11.35327.3
MinimumVisualStudioVersion = 10.0.40219.1
Project("{9A19103F-16F7-4668-BE54-9A1E7A4F7556}") = "Step.Main", "Step.Main\Step.Main.csproj", "{910CEE69-C56F-4E46-B13D-2177B62654BF}"
EndProject
Project("{FAE04EC0-301F-11D3-BF4B-00C04F79EFBC}") = "Step.Engine", "Step.Engine\Step.Engine.csproj", "{A7181465-A001-44BC-A128-4721AB8C220B}"
EndProject
Project("{FAE04EC0-301F-11D3-BF4B-00C04F79EFBC}") = "Step.Engine.Tests", "Step.Engine.Tests\Step.Engine.Tests.csproj", "{9F248A58-D43C-47FA-A3BC-89400570124C}"
EndProject
Project("{2150E333-8FDC-42A3-9474-1A3956D46DE8}") = "Tests", "Tests", "{9CC791DF-CB8B-46B3-A225-E9F56BB64CDC}"
EndProject
Project("{2150E333-8FDC-42A3-9474-1A3956D46DE8}") = "Src", "Src", "{E8A2431C-57B3-4D66-8065-EF39AE44FAB5}"
EndProject
Project("{FAE04EC0-301F-11D3-BF4B-00C04F79EFBC}") = "Step.Main.Tests", "Step.Main.Tests\Step.Main.Tests.csproj", "{76E46EE6-3128-4BF0-A0A0-1A598EE08ECB}"
EndProject
Global
	GlobalSection(SolutionConfigurationPlatforms) = preSolution
		Debug|Any CPU = Debug|Any CPU
		Release|Any CPU = Release|Any CPU
	EndGlobalSection
	GlobalSection(ProjectConfigurationPlatforms) = postSolution
		{910CEE69-C56F-4E46-B13D-2177B62654BF}.Debug|Any CPU.ActiveCfg = Debug|Any CPU
		{910CEE69-C56F-4E46-B13D-2177B62654BF}.Debug|Any CPU.Build.0 = Debug|Any CPU
		{910CEE69-C56F-4E46-B13D-2177B62654BF}.Release|Any CPU.ActiveCfg = Release|Any CPU
		{910CEE69-C56F-4E46-B13D-2177B62654BF}.Release|Any CPU.Build.0 = Release|Any CPU
		{A7181465-A001-44BC-A128-4721AB8C220B}.Debug|Any CPU.ActiveCfg = Debug|Any CPU
		{A7181465-A001-44BC-A128-4721AB8C220B}.Debug|Any CPU.Build.0 = Debug|Any CPU
		{A7181465-A001-44BC-A128-4721AB8C220B}.Release|Any CPU.ActiveCfg = Release|Any CPU
		{A7181465-A001-44BC-A128-4721AB8C220B}.Release|Any CPU.Build.0 = Release|Any CPU
		{9F248A58-D43C-47FA-A3BC-89400570124C}.Debug|Any CPU.ActiveCfg = Debug|Any CPU
		{9F248A58-D43C-47FA-A3BC-89400570124C}.Debug|Any CPU.Build.0 = Debug|Any CPU
		{9F248A58-D43C-47FA-A3BC-89400570124C}.Release|Any CPU.ActiveCfg = Release|Any CPU
		{9F248A58-D43C-47FA-A3BC-89400570124C}.Release|Any CPU.Build.0 = Release|Any CPU
		{76E46EE6-3128-4BF0-A0A0-1A598EE08ECB}.Debug|Any CPU.ActiveCfg = Debug|Any CPU
		{76E46EE6-3128-4BF0-A0A0-1A598EE08ECB}.Debug|Any CPU.Build.0 = Debug|Any CPU
		{76E46EE6-3128-4BF0-A0A0-1A598EE08ECB}.Release|Any CPU.ActiveCfg = Release|Any CPU
		{76E46EE6-3128-4BF0-A0A0-1A598EE08ECB}.Release|Any CPU.Build.0 = Release|Any CPU
	EndGlobalSection
	GlobalSection(SolutionProperties) = preSolution
		HideSolutionNode = FALSE
	EndGlobalSection
	GlobalSection(NestedProjects) = preSolution
		{910CEE69-C56F-4E46-B13D-2177B62654BF} = {E8A2431C-57B3-4D66-8065-EF39AE44FAB5}
		{A7181465-A001-44BC-A128-4721AB8C220B} = {E8A2431C-57B3-4D66-8065-EF39AE44FAB5}
		{9F248A58-D43C-47FA-A3BC-89400570124C} = {9CC791DF-CB8B-46B3-A225-E9F56BB64CDC}
		{76E46EE6-3128-4BF0-A0A0-1A598EE08ECB} = {9CC791DF-CB8B-46B3-A225-E9F56BB64CDC}
	EndGlobalSection
	GlobalSection(ExtensibilityGlobals) = postSolution
		SolutionGuid = {8DB238DF-E943-4807-BC9C-B7B57A63A72B}
	EndGlobalSection
EndGlobal
